
Microsoft Visual Studio Solution File, Format Version 12.00
# Visual Studio Version 17
VisualStudioVersion = 17.10.34928.147
MinimumVisualStudioVersion = 10.0.40219.1
Project("{FAE04EC0-301F-11D3-BF4B-00C04F79EFBC}") = "Klik", "Klik.csproj", "{92436DB2-EABA-44B1-80EC-567889F5D8C8}"
EndProject
Global
	GlobalSection(SolutionConfigurationPlatforms) = preSolution
		Debug|Any CPU = Debug|Any CPU
		Release|Any CPU = Release|Any CPU
	EndGlobalSection
	GlobalSection(ProjectConfigurationPlatforms) = postSolution
		{92436DB2-EABA-44B1-80EC-567889F5D8C8}.Debug|Any CPU.ActiveCfg = Debug|Any CPU
		{92436DB2-EABA-44B1-80EC-567889F5D8C8}.Debug|Any CPU.Build.0 = Debug|Any CPU
		{92436DB2-EABA-44B1-80EC-567889F5D8C8}.Release|Any CPU.ActiveCfg = Release|Any CPU
		{92436DB2-EABA-44B1-80EC-567889F5D8C8}.Release|Any CPU.Build.0 = Release|Any CPU
	EndGlobalSection
	GlobalSection(SolutionProperties) = preSolution
		HideSolutionNode = FALSE
	EndGlobalSection
	GlobalSection(ExtensibilityGlobals) = postSolution
		SolutionGuid = {351B116E-BF1C-4CEE-AA1E-B8E07D2B2F03}
	EndGlobalSection
EndGlobal
